<?xml version="1.0" encoding="utf-8"?>
<Project ToolsVersion="4.0" xmlns="http://schemas.microsoft.com/developer/msbuild/2003">
  <ItemGroup>
    <Filter Include="Source Files">
      <UniqueIdentifier>{4FC737F1-C7A5-4376-A066-2A32D752A2FF}</UniqueIdentifier>
      <Extensions>cpp;c;cc;cxx;c++;def;odl;idl;hpj;bat;asm;asmx</Extensions>
    </Filter>
    <Filter Include="Header Files">
      <UniqueIdentifier>{93995380-89BD-4b04-88EB-625FBE52EBFB}</UniqueIdentifier>
      <Extensions>h;hh;hpp;hxx;h++;hm;inl;inc;ipp;xsd</Extensions>
    </Filter>
    <Filter Include="Resource Files">
      <UniqueIdentifier>{67DA6AB6-F800-4c08-8B7A-83BB121AAD01}</UniqueIdentifier>
      <Extensions>rc;ico;cur;bmp;dlg;rc2;rct;bin;rgs;gif;jpg;jpeg;jpe;resx;tiff;tif;png;wav;mfcribbon-ms</Extensions>
    </Filter>
    <Filter Include="Map">
      <UniqueIdentifier>{47f75a03-d43f-4bb6-aaf2-b411b8abe8e0}</UniqueIdentifier>
    </Filter>
    <Filter Include="Entities">
      <UniqueIdentifier>{42ef0188-eb32-4c45-aabf-a6052fd2fcdc}</UniqueIdentifier>
    </Filter>
    <Filter Include="Map\Layers">
      <UniqueIdentifier>{e751d5e1-c796-4fdd-8d1c-f8bae1f39bf0}</UniqueIdentifier>
    </Filter>
  </ItemGroup>
  <ItemGroup>
    <ClCompile Include="main.cpp">
      <Filter>Source Files</Filter>
    </ClCompile>
    <ClCompile Include="stdafx.cpp">
      <Filter>Source Files</Filter>
    </ClCompile>
    <ClCompile Include="Map/Map.cpp">
      <Filter>Map</Filter>
    </ClCompile>
    <ClCompile Include="Map\TextureTile.cpp">
      <Filter>Map</Filter>
    </ClCompile>
    <ClCompile Include="Entity\Entity.cpp">
      <Filter>Entities</Filter>
    </ClCompile>
    <ClCompile Include="Entity\Player.cpp">
      <Filter>Entities</Filter>
    </ClCompile>
    <ClCompile Include="HighAccuracyClock.cpp">
      <Filter>Source Files</Filter>
    </ClCompile>
    <ClCompile Include="Map\Layers\Layer.cpp">
      <Filter>Map\Layers</Filter>
    </ClCompile>
    <ClCompile Include="Map\Tileset.cpp">
      <Filter>Source Files</Filter>
    </ClCompile>
    <ClCompile Include="Map\Layers\Chunk.cpp">
      <Filter>Map\Layers</Filter>
    </ClCompile>
  </ItemGroup>
  <ItemGroup>
    <ClInclude Include="stdafx.h">
      <Filter>Header Files</Filter>
    </ClInclude>
    <ClInclude Include="Map/Map.hpp">
      <Filter>Map</Filter>
    </ClInclude>
    <ClInclude Include="Map\TextureTile.hpp">
      <Filter>Map</Filter>
    </ClInclude>
    <ClInclude Include="Entity\Entity.hpp">
      <Filter>Entities</Filter>
    </ClInclude>
    <ClInclude Include="Entity\Player.hpp">
      <Filter>Entities</Filter>
    </ClInclude>
    <ClInclude Include="Utility.hpp">
      <Filter>Header Files</Filter>
    </ClInclude>
    <ClInclude Include="HighAccuracyClock.hpp">
      <Filter>Header Files</Filter>
    </ClInclude>
    <ClInclude Include="Map\Tileset.hpp">
      <Filter>Map</Filter>
    </ClInclude>
    <ClInclude Include="Map\Layers\Layer.hpp">
      <Filter>Map\Layers</Filter>
    </ClInclude>
    <ClInclude Include="Map\Layers\Chunk.hpp">
      <Filter>Map\Layers</Filter>
    </ClInclude>
  </ItemGroup>
</Project>